// !$*UTF8*$!
{
	archiveVersion = 1;
	classes = {
	};
	objectVersion = 46;
	objects = {

/* Begin PBXBuildFile section */
		D89B62105573488CB640CF3C /* libPods.a in Frameworks */ = {isa = PBXBuildFile; fileRef = AB1827E63AF64A5C9B7892E5 /* libPods.a */; };
		F644B0DB197DBB3600D846BE /* MagicalImportFunctions.m in Sources */ = {isa = PBXBuildFile; fileRef = F644B0A1197DBB3600D846BE /* MagicalImportFunctions.m */; };
		F644B0DC197DBB3600D846BE /* NSAttributeDescription+MagicalDataImport.m in Sources */ = {isa = PBXBuildFile; fileRef = F644B0A3197DBB3600D846BE /* NSAttributeDescription+MagicalDataImport.m */; };
		F644B0DD197DBB3600D846BE /* NSEntityDescription+MagicalDataImport.m in Sources */ = {isa = PBXBuildFile; fileRef = F644B0A5197DBB3600D846BE /* NSEntityDescription+MagicalDataImport.m */; };
		F644B0DE197DBB3600D846BE /* NSNumber+MagicalDataImport.m in Sources */ = {isa = PBXBuildFile; fileRef = F644B0A7197DBB3600D846BE /* NSNumber+MagicalDataImport.m */; };
		F644B0DF197DBB3600D846BE /* NSObject+MagicalDataImport.m in Sources */ = {isa = PBXBuildFile; fileRef = F644B0A9197DBB3600D846BE /* NSObject+MagicalDataImport.m */; };
		F644B0E0197DBB3600D846BE /* NSRelationshipDescription+MagicalDataImport.m in Sources */ = {isa = PBXBuildFile; fileRef = F644B0AB197DBB3600D846BE /* NSRelationshipDescription+MagicalDataImport.m */; };
		F644B0E1197DBB3600D846BE /* NSString+MagicalDataImport.m in Sources */ = {isa = PBXBuildFile; fileRef = F644B0AD197DBB3600D846BE /* NSString+MagicalDataImport.m */; };
		F644B0E2197DBB3600D846BE /* NSManagedObject+MagicalAggregation.m in Sources */ = {isa = PBXBuildFile; fileRef = F644B0B0197DBB3600D846BE /* NSManagedObject+MagicalAggregation.m */; };
		F644B0E3197DBB3600D846BE /* NSManagedObject+MagicalDataImport.m in Sources */ = {isa = PBXBuildFile; fileRef = F644B0B2197DBB3600D846BE /* NSManagedObject+MagicalDataImport.m */; };
		F644B0E4197DBB3600D846BE /* NSManagedObject+MagicalFinders.m in Sources */ = {isa = PBXBuildFile; fileRef = F644B0B4197DBB3600D846BE /* NSManagedObject+MagicalFinders.m */; };
		F644B0E5197DBB3600D846BE /* NSManagedObject+MagicalRecord.m in Sources */ = {isa = PBXBuildFile; fileRef = F644B0B6197DBB3600D846BE /* NSManagedObject+MagicalRecord.m */; };
		F644B0E6197DBB3600D846BE /* NSManagedObject+MagicalRequests.m in Sources */ = {isa = PBXBuildFile; fileRef = F644B0B8197DBB3600D846BE /* NSManagedObject+MagicalRequests.m */; };
		F644B0E7197DBB3600D846BE /* NSManagedObjectContext+MagicalObserving.m in Sources */ = {isa = PBXBuildFile; fileRef = F644B0BB197DBB3600D846BE /* NSManagedObjectContext+MagicalObserving.m */; };
		F644B0E8197DBB3600D846BE /* NSManagedObjectContext+MagicalRecord.m in Sources */ = {isa = PBXBuildFile; fileRef = F644B0BD197DBB3600D846BE /* NSManagedObjectContext+MagicalRecord.m */; };
		F644B0E9197DBB3600D846BE /* NSManagedObjectContext+MagicalSaves.m in Sources */ = {isa = PBXBuildFile; fileRef = F644B0BF197DBB3600D846BE /* NSManagedObjectContext+MagicalSaves.m */; };
		F644B0EA197DBB3600D846BE /* NSManagedObjectContext+MagicalThreading.m in Sources */ = {isa = PBXBuildFile; fileRef = F644B0C1197DBB3600D846BE /* NSManagedObjectContext+MagicalThreading.m */; };
		F644B0EB197DBB3600D846BE /* NSManagedObjectModel+MagicalRecord.m in Sources */ = {isa = PBXBuildFile; fileRef = F644B0C3197DBB3600D846BE /* NSManagedObjectModel+MagicalRecord.m */; };
		F644B0EC197DBB3600D846BE /* NSPersistentStore+MagicalRecord.m in Sources */ = {isa = PBXBuildFile; fileRef = F644B0C5197DBB3600D846BE /* NSPersistentStore+MagicalRecord.m */; };
		F644B0ED197DBB3600D846BE /* NSPersistentStoreCoordinator+MagicalRecord.m in Sources */ = {isa = PBXBuildFile; fileRef = F644B0C7197DBB3600D846BE /* NSPersistentStoreCoordinator+MagicalRecord.m */; };
		F644B0EE197DBB3600D846BE /* MagicalRecord+Actions.m in Sources */ = {isa = PBXBuildFile; fileRef = F644B0CA197DBB3600D846BE /* MagicalRecord+Actions.m */; };
		F644B0EF197DBB3600D846BE /* MagicalRecord+ErrorHandling.m in Sources */ = {isa = PBXBuildFile; fileRef = F644B0CC197DBB3600D846BE /* MagicalRecord+ErrorHandling.m */; };
		F644B0F0197DBB3600D846BE /* MagicalRecord+iCloud.m in Sources */ = {isa = PBXBuildFile; fileRef = F644B0CE197DBB3600D846BE /* MagicalRecord+iCloud.m */; };
		F644B0F1197DBB3600D846BE /* MagicalRecord+Options.m in Sources */ = {isa = PBXBuildFile; fileRef = F644B0D0197DBB3600D846BE /* MagicalRecord+Options.m */; };
		F644B0F2197DBB3600D846BE /* MagicalRecord+Setup.m in Sources */ = {isa = PBXBuildFile; fileRef = F644B0D2197DBB3600D846BE /* MagicalRecord+Setup.m */; };
		F644B0F3197DBB3600D846BE /* MagicalRecord+ShorthandSupport.m in Sources */ = {isa = PBXBuildFile; fileRef = F644B0D4197DBB3600D846BE /* MagicalRecord+ShorthandSupport.m */; };
		F644B0F4197DBB3600D846BE /* MagicalRecord.m in Sources */ = {isa = PBXBuildFile; fileRef = F644B0D6197DBB3600D846BE /* MagicalRecord.m */; };
		F644B100197DCC1B00D846BE /* Tache.m in Sources */ = {isa = PBXBuildFile; fileRef = F644B0FF197DCC1B00D846BE /* Tache.m */; };
		F644B103197DCC1B00D846BE /* Chantier.m in Sources */ = {isa = PBXBuildFile; fileRef = F644B102197DCC1B00D846BE /* Chantier.m */; };
		F644B106197DCC1C00D846BE /* Images.m in Sources */ = {isa = PBXBuildFile; fileRef = F644B105197DCC1C00D846BE /* Images.m */; };
		F644B10A197DEDC100D846BE /* camera.png in Resources */ = {isa = PBXBuildFile; fileRef = F644B107197DEDC100D846BE /* camera.png */; };
		F644B10B197DEDC100D846BE /* menu.png in Resources */ = {isa = PBXBuildFile; fileRef = F644B108197DEDC100D846BE /* menu.png */; };
		F644B10C197DEDC100D846BE /* remove.png in Resources */ = {isa = PBXBuildFile; fileRef = F644B109197DEDC100D846BE /* remove.png */; };
		F644B10F197DEDD200D846BE /* fond-1.jpg in Resources */ = {isa = PBXBuildFile; fileRef = F644B10D197DEDD200D846BE /* fond-1.jpg */; };
		F644B110197DEDD200D846BE /* LogoGraniou.png in Resources */ = {isa = PBXBuildFile; fileRef = F644B10E197DEDD200D846BE /* LogoGraniou.png */; };
		F6D3A55F1970A244008FDE1B /* Foundation.framework in Frameworks */ = {isa = PBXBuildFile; fileRef = F6D3A55E1970A244008FDE1B /* Foundation.framework */; };
		F6D3A5611970A244008FDE1B /* CoreGraphics.framework in Frameworks */ = {isa = PBXBuildFile; fileRef = F6D3A5601970A244008FDE1B /* CoreGraphics.framework */; };
		F6D3A5631970A244008FDE1B /* UIKit.framework in Frameworks */ = {isa = PBXBuildFile; fileRef = F6D3A5621970A244008FDE1B /* UIKit.framework */; };
		F6D3A5651970A244008FDE1B /* CoreData.framework in Frameworks */ = {isa = PBXBuildFile; fileRef = F6D3A5641970A244008FDE1B /* CoreData.framework */; };
		F6D3A56B1970A244008FDE1B /* InfoPlist.strings in Resources */ = {isa = PBXBuildFile; fileRef = F6D3A5691970A244008FDE1B /* InfoPlist.strings */; };
		F6D3A56D1970A244008FDE1B /* main.m in Sources */ = {isa = PBXBuildFile; fileRef = F6D3A56C1970A244008FDE1B /* main.m */; };
		F6D3A5711970A244008FDE1B /* PTBAppDelegate.m in Sources */ = {isa = PBXBuildFile; fileRef = F6D3A5701970A244008FDE1B /* PTBAppDelegate.m */; };
		F6D3A5741970A244008FDE1B /* GraniouProjectManagement.xcdatamodeld in Sources */ = {isa = PBXBuildFile; fileRef = F6D3A5721970A244008FDE1B /* GraniouProjectManagement.xcdatamodeld */; };
		F6D3A5761970A244008FDE1B /* Images.xcassets in Resources */ = {isa = PBXBuildFile; fileRef = F6D3A5751970A244008FDE1B /* Images.xcassets */; };
		F6D3A57D1970A244008FDE1B /* XCTest.framework in Frameworks */ = {isa = PBXBuildFile; fileRef = F6D3A57C1970A244008FDE1B /* XCTest.framework */; };
		F6D3A57E1970A244008FDE1B /* Foundation.framework in Frameworks */ = {isa = PBXBuildFile; fileRef = F6D3A55E1970A244008FDE1B /* Foundation.framework */; };
		F6D3A57F1970A244008FDE1B /* UIKit.framework in Frameworks */ = {isa = PBXBuildFile; fileRef = F6D3A5621970A244008FDE1B /* UIKit.framework */; };
		F6D3A5801970A244008FDE1B /* CoreData.framework in Frameworks */ = {isa = PBXBuildFile; fileRef = F6D3A5641970A244008FDE1B /* CoreData.framework */; };
		F6D3A5881970A244008FDE1B /* InfoPlist.strings in Resources */ = {isa = PBXBuildFile; fileRef = F6D3A5861970A244008FDE1B /* InfoPlist.strings */; };
		F6D3A58A1970A244008FDE1B /* GraniouProjectManagementTests.m in Sources */ = {isa = PBXBuildFile; fileRef = F6D3A5891970A244008FDE1B /* GraniouProjectManagementTests.m */; };
		F6D3A59C1970B57D008FDE1B /* PTBAccountVC.m in Sources */ = {isa = PBXBuildFile; fileRef = F6D3A5941970B57D008FDE1B /* PTBAccountVC.m */; };
		F6D3A59D1970B57D008FDE1B /* PTBAccountVC.xib in Resources */ = {isa = PBXBuildFile; fileRef = F6D3A5951970B57D008FDE1B /* PTBAccountVC.xib */; };
		F6D3A59E1970B57D008FDE1B /* PTBLoginVC.m in Sources */ = {isa = PBXBuildFile; fileRef = F6D3A5971970B57D008FDE1B /* PTBLoginVC.m */; };
		F6D3A59F1970B57D008FDE1B /* PTBLoginVC.xib in Resources */ = {isa = PBXBuildFile; fileRef = F6D3A5981970B57D008FDE1B /* PTBLoginVC.xib */; };
		F6D3A5A01970B57D008FDE1B /* PTBProfileSectionVC.m in Sources */ = {isa = PBXBuildFile; fileRef = F6D3A59A1970B57D008FDE1B /* PTBProfileSectionVC.m */; };
		F6D3A5A11970B57D008FDE1B /* PTBProfileSectionVC.xib in Resources */ = {isa = PBXBuildFile; fileRef = F6D3A59B1970B57D008FDE1B /* PTBProfileSectionVC.xib */; };
		F6D3A5A51970B612008FDE1B /* PTBAppModel.m in Sources */ = {isa = PBXBuildFile; fileRef = F6D3A5A41970B612008FDE1B /* PTBAppModel.m */; };
		F6D3A5A9197450AC008FDE1B /* MCDefaultErrorViewController.xib in Resources */ = {isa = PBXBuildFile; fileRef = F6D3A5A7197450AB008FDE1B /* MCDefaultErrorViewController.xib */; };
		F6D3A5AA197450AC008FDE1B /* MCDefaultMainViewController.xib in Resources */ = {isa = PBXBuildFile; fileRef = F6D3A5A8197450AC008FDE1B /* MCDefaultMainViewController.xib */; };
		F6D3A5FE1975D08A008FDE1B /* PTBChantierMenuVC.m in Sources */ = {isa = PBXBuildFile; fileRef = F6D3A5DC1975D08A008FDE1B /* PTBChantierMenuVC.m */; };
		F6D3A5FF1975D08A008FDE1B /* PTBChantierMenuVC.xib in Resources */ = {isa = PBXBuildFile; fileRef = F6D3A5DD1975D08A008FDE1B /* PTBChantierMenuVC.xib */; };
		F6D3A6001975D08A008FDE1B /* PTBDocumentsTableVC.m in Sources */ = {isa = PBXBuildFile; fileRef = F6D3A5DF1975D08A008FDE1B /* PTBDocumentsTableVC.m */; };
		F6D3A6011975D08A008FDE1B /* PTBDocumentsTableVC.xib in Resources */ = {isa = PBXBuildFile; fileRef = F6D3A5E01975D08A008FDE1B /* PTBDocumentsTableVC.xib */; };
		F6D3A6021975D08A008FDE1B /* PTBLoadingVC.m in Sources */ = {isa = PBXBuildFile; fileRef = F6D3A5E21975D08A008FDE1B /* PTBLoadingVC.m */; };
		F6D3A6031975D08A008FDE1B /* PTBLoadingVC.xib in Resources */ = {isa = PBXBuildFile; fileRef = F6D3A5E31975D08A008FDE1B /* PTBLoadingVC.xib */; };
		F6D3A6061975D08A008FDE1B /* PTBMonteurSectionVC.m in Sources */ = {isa = PBXBuildFile; fileRef = F6D3A5E81975D08A008FDE1B /* PTBMonteurSectionVC.m */; };
		F6D3A6071975D08A008FDE1B /* PTBMonteurSectionVC.xib in Resources */ = {isa = PBXBuildFile; fileRef = F6D3A5E91975D08A008FDE1B /* PTBMonteurSectionVC.xib */; };
		F6D3A60A1975D08A008FDE1B /* PTBShowPdfVC.m in Sources */ = {isa = PBXBuildFile; fileRef = F6D3A5EE1975D08A008FDE1B /* PTBShowPdfVC.m */; };
		F6D3A60B1975D08A008FDE1B /* PTBShowPdfVC.xib in Resources */ = {isa = PBXBuildFile; fileRef = F6D3A5EF1975D08A008FDE1B /* PTBShowPdfVC.xib */; };
		F6D3A60C1975D08A008FDE1B /* PTBTachesTableVC.m in Sources */ = {isa = PBXBuildFile; fileRef = F6D3A5F11975D08A008FDE1B /* PTBTachesTableVC.m */; };
		F6D3A60D1975D08A008FDE1B /* PTBTachesTableVC.xib in Resources */ = {isa = PBXBuildFile; fileRef = F6D3A5F21975D08A008FDE1B /* PTBTachesTableVC.xib */; };
		F6D3A60E1975D08A008FDE1B /* PTBTakePictureVC.m in Sources */ = {isa = PBXBuildFile; fileRef = F6D3A5F41975D08A008FDE1B /* PTBTakePictureVC.m */; };
		F6D3A60F1975D08A008FDE1B /* PTBTakePictureVC.xib in Resources */ = {isa = PBXBuildFile; fileRef = F6D3A5F51975D08A008FDE1B /* PTBTakePictureVC.xib */; };
		F6D3A6101975D08A008FDE1B /* PTBTopMenuVC.m in Sources */ = {isa = PBXBuildFile; fileRef = F6D3A5F71975D08A008FDE1B /* PTBTopMenuVC.m */; };
		F6D3A6111975D08A008FDE1B /* PTBTopMenuVC.xib in Resources */ = {isa = PBXBuildFile; fileRef = F6D3A5F81975D08A008FDE1B /* PTBTopMenuVC.xib */; };
		F6D3A6121975D08A008FDE1B /* PTBWriteCommentVC.m in Sources */ = {isa = PBXBuildFile; fileRef = F6D3A5FA1975D08A008FDE1B /* PTBWriteCommentVC.m */; };
		F6D3A6131975D08A008FDE1B /* PTBWriteCommentVC.xib in Resources */ = {isa = PBXBuildFile; fileRef = F6D3A5FB1975D08A008FDE1B /* PTBWriteCommentVC.xib */; };
		F6D3A6191975D8C6008FDE1B /* PTBAuthUser.m in Sources */ = {isa = PBXBuildFile; fileRef = F6D3A6181975D8C6008FDE1B /* PTBAuthUser.m */; };
		F6D3A61D197752B0008FDE1B /* PTBTacheVC.m in Sources */ = {isa = PBXBuildFile; fileRef = F6D3A61B197752B0008FDE1B /* PTBTacheVC.m */; };
		F6D3A61E197752B0008FDE1B /* PTBTacheVC.xib in Resources */ = {isa = PBXBuildFile; fileRef = F6D3A61C197752B0008FDE1B /* PTBTacheVC.xib */; };
		F6D3A62B19775627008FDE1B /* PTBNavigationView.xib in Resources */ = {isa = PBXBuildFile; fileRef = F6D3A62A19775627008FDE1B /* PTBNavigationView.xib */; };
		F6D3A62E197844B3008FDE1B /* PTBNavigationView.m in Sources */ = {isa = PBXBuildFile; fileRef = F6D3A62D197844B3008FDE1B /* PTBNavigationView.m */; };
/* End PBXBuildFile section */

/* Begin PBXContainerItemProxy section */
		F6D3A5811970A244008FDE1B /* PBXContainerItemProxy */ = {
			isa = PBXContainerItemProxy;
			containerPortal = F6D3A5531970A244008FDE1B /* Project object */;
			proxyType = 1;
			remoteGlobalIDString = F6D3A55A1970A244008FDE1B;
			remoteInfo = GraniouProjectManagement;
		};
/* End PBXContainerItemProxy section */

/* Begin PBXFileReference section */
		13A8D27112334B76BA002B31 /* Pods.xcconfig */ = {isa = PBXFileReference; includeInIndex = 1; lastKnownFileType = text.xcconfig; name = Pods.xcconfig; path = Pods/Pods.xcconfig; sourceTree = "<group>"; };
		AB1827E63AF64A5C9B7892E5 /* libPods.a */ = {isa = PBXFileReference; explicitFileType = archive.ar; includeInIndex = 0; path = libPods.a; sourceTree = BUILT_PRODUCTS_DIR; };
		F644B0A0197DBB3600D846BE /* MagicalImportFunctions.h */ = {isa = PBXFileReference; fileEncoding = 4; lastKnownFileType = sourcecode.c.h; path = MagicalImportFunctions.h; sourceTree = "<group>"; };
		F644B0A1197DBB3600D846BE /* MagicalImportFunctions.m */ = {isa = PBXFileReference; fileEncoding = 4; lastKnownFileType = sourcecode.c.objc; path = MagicalImportFunctions.m; sourceTree = "<group>"; };
		F644B0A2197DBB3600D846BE /* NSAttributeDescription+MagicalDataImport.h */ = {isa = PBXFileReference; fileEncoding = 4; lastKnownFileType = sourcecode.c.h; path = "NSAttributeDescription+MagicalDataImport.h"; sourceTree = "<group>"; };
		F644B0A3197DBB3600D846BE /* NSAttributeDescription+MagicalDataImport.m */ = {isa = PBXFileReference; fileEncoding = 4; lastKnownFileType = sourcecode.c.objc; path = "NSAttributeDescription+MagicalDataImport.m"; sourceTree = "<group>"; };
		F644B0A4197DBB3600D846BE /* NSEntityDescription+MagicalDataImport.h */ = {isa = PBXFileReference; fileEncoding = 4; lastKnownFileType = sourcecode.c.h; path = "NSEntityDescription+MagicalDataImport.h"; sourceTree = "<group>"; };
		F644B0A5197DBB3600D846BE /* NSEntityDescription+MagicalDataImport.m */ = {isa = PBXFileReference; fileEncoding = 4; lastKnownFileType = sourcecode.c.objc; path = "NSEntityDescription+MagicalDataImport.m"; sourceTree = "<group>"; };
		F644B0A6197DBB3600D846BE /* NSNumber+MagicalDataImport.h */ = {isa = PBXFileReference; fileEncoding = 4; lastKnownFileType = sourcecode.c.h; path = "NSNumber+MagicalDataImport.h"; sourceTree = "<group>"; };
		F644B0A7197DBB3600D846BE /* NSNumber+MagicalDataImport.m */ = {isa = PBXFileReference; fileEncoding = 4; lastKnownFileType = sourcecode.c.objc; path = "NSNumber+MagicalDataImport.m"; sourceTree = "<group>"; };
		F644B0A8197DBB3600D846BE /* NSObject+MagicalDataImport.h */ = {isa = PBXFileReference; fileEncoding = 4; lastKnownFileType = sourcecode.c.h; path = "NSObject+MagicalDataImport.h"; sourceTree = "<group>"; };
		F644B0A9197DBB3600D846BE /* NSObject+MagicalDataImport.m */ = {isa = PBXFileReference; fileEncoding = 4; lastKnownFileType = sourcecode.c.objc; path = "NSObject+MagicalDataImport.m"; sourceTree = "<group>"; };
		F644B0AA197DBB3600D846BE /* NSRelationshipDescription+MagicalDataImport.h */ = {isa = PBXFileReference; fileEncoding = 4; lastKnownFileType = sourcecode.c.h; path = "NSRelationshipDescription+MagicalDataImport.h"; sourceTree = "<group>"; };
		F644B0AB197DBB3600D846BE /* NSRelationshipDescription+MagicalDataImport.m */ = {isa = PBXFileReference; fileEncoding = 4; lastKnownFileType = sourcecode.c.objc; path = "NSRelationshipDescription+MagicalDataImport.m"; sourceTree = "<group>"; };
		F644B0AC197DBB3600D846BE /* NSString+MagicalDataImport.h */ = {isa = PBXFileReference; fileEncoding = 4; lastKnownFileType = sourcecode.c.h; path = "NSString+MagicalDataImport.h"; sourceTree = "<group>"; };
		F644B0AD197DBB3600D846BE /* NSString+MagicalDataImport.m */ = {isa = PBXFileReference; fileEncoding = 4; lastKnownFileType = sourcecode.c.objc; path = "NSString+MagicalDataImport.m"; sourceTree = "<group>"; };
		F644B0AF197DBB3600D846BE /* NSManagedObject+MagicalAggregation.h */ = {isa = PBXFileReference; fileEncoding = 4; lastKnownFileType = sourcecode.c.h; path = "NSManagedObject+MagicalAggregation.h"; sourceTree = "<group>"; };
		F644B0B0197DBB3600D846BE /* NSManagedObject+MagicalAggregation.m */ = {isa = PBXFileReference; fileEncoding = 4; lastKnownFileType = sourcecode.c.objc; path = "NSManagedObject+MagicalAggregation.m"; sourceTree = "<group>"; };
		F644B0B1197DBB3600D846BE /* NSManagedObject+MagicalDataImport.h */ = {isa = PBXFileReference; fileEncoding = 4; lastKnownFileType = sourcecode.c.h; path = "NSManagedObject+MagicalDataImport.h"; sourceTree = "<group>"; };
		F644B0B2197DBB3600D846BE /* NSManagedObject+MagicalDataImport.m */ = {isa = PBXFileReference; fileEncoding = 4; lastKnownFileType = sourcecode.c.objc; path = "NSManagedObject+MagicalDataImport.m"; sourceTree = "<group>"; };
		F644B0B3197DBB3600D846BE /* NSManagedObject+MagicalFinders.h */ = {isa = PBXFileReference; fileEncoding = 4; lastKnownFileType = sourcecode.c.h; path = "NSManagedObject+MagicalFinders.h"; sourceTree = "<group>"; };
		F644B0B4197DBB3600D846BE /* NSManagedObject+MagicalFinders.m */ = {isa = PBXFileReference; fileEncoding = 4; lastKnownFileType = sourcecode.c.objc; path = "NSManagedObject+MagicalFinders.m"; sourceTree = "<group>"; };
		F644B0B5197DBB3600D846BE /* NSManagedObject+MagicalRecord.h */ = {isa = PBXFileReference; fileEncoding = 4; lastKnownFileType = sourcecode.c.h; path = "NSManagedObject+MagicalRecord.h"; sourceTree = "<group>"; };
		F644B0B6197DBB3600D846BE /* NSManagedObject+MagicalRecord.m */ = {isa = PBXFileReference; fileEncoding = 4; lastKnownFileType = sourcecode.c.objc; path = "NSManagedObject+MagicalRecord.m"; sourceTree = "<group>"; };
		F644B0B7197DBB3600D846BE /* NSManagedObject+MagicalRequests.h */ = {isa = PBXFileReference; fileEncoding = 4; lastKnownFileType = sourcecode.c.h; path = "NSManagedObject+MagicalRequests.h"; sourceTree = "<group>"; };
		F644B0B8197DBB3600D846BE /* NSManagedObject+MagicalRequests.m */ = {isa = PBXFileReference; fileEncoding = 4; lastKnownFileType = sourcecode.c.objc; path = "NSManagedObject+MagicalRequests.m"; sourceTree = "<group>"; };
		F644B0BA197DBB3600D846BE /* NSManagedObjectContext+MagicalObserving.h */ = {isa = PBXFileReference; fileEncoding = 4; lastKnownFileType = sourcecode.c.h; path = "NSManagedObjectContext+MagicalObserving.h"; sourceTree = "<group>"; };
		F644B0BB197DBB3600D846BE /* NSManagedObjectContext+MagicalObserving.m */ = {isa = PBXFileReference; fileEncoding = 4; lastKnownFileType = sourcecode.c.objc; path = "NSManagedObjectContext+MagicalObserving.m"; sourceTree = "<group>"; };
		F644B0BC197DBB3600D846BE /* NSManagedObjectContext+MagicalRecord.h */ = {isa = PBXFileReference; fileEncoding = 4; lastKnownFileType = sourcecode.c.h; path = "NSManagedObjectContext+MagicalRecord.h"; sourceTree = "<group>"; };
		F644B0BD197DBB3600D846BE /* NSManagedObjectContext+MagicalRecord.m */ = {isa = PBXFileReference; fileEncoding = 4; lastKnownFileType = sourcecode.c.objc; path = "NSManagedObjectContext+MagicalRecord.m"; sourceTree = "<group>"; };
		F644B0BE197DBB3600D846BE /* NSManagedObjectContext+MagicalSaves.h */ = {isa = PBXFileReference; fileEncoding = 4; lastKnownFileType = sourcecode.c.h; path = "NSManagedObjectContext+MagicalSaves.h"; sourceTree = "<group>"; };
		F644B0BF197DBB3600D846BE /* NSManagedObjectContext+MagicalSaves.m */ = {isa = PBXFileReference; fileEncoding = 4; lastKnownFileType = sourcecode.c.objc; path = "NSManagedObjectContext+MagicalSaves.m"; sourceTree = "<group>"; };
		F644B0C0197DBB3600D846BE /* NSManagedObjectContext+MagicalThreading.h */ = {isa = PBXFileReference; fileEncoding = 4; lastKnownFileType = sourcecode.c.h; path = "NSManagedObjectContext+MagicalThreading.h"; sourceTree = "<group>"; };
		F644B0C1197DBB3600D846BE /* NSManagedObjectContext+MagicalThreading.m */ = {isa = PBXFileReference; fileEncoding = 4; lastKnownFileType = sourcecode.c.objc; path = "NSManagedObjectContext+MagicalThreading.m"; sourceTree = "<group>"; };
		F644B0C2197DBB3600D846BE /* NSManagedObjectModel+MagicalRecord.h */ = {isa = PBXFileReference; fileEncoding = 4; lastKnownFileType = sourcecode.c.h; path = "NSManagedObjectModel+MagicalRecord.h"; sourceTree = "<group>"; };
		F644B0C3197DBB3600D846BE /* NSManagedObjectModel+MagicalRecord.m */ = {isa = PBXFileReference; fileEncoding = 4; lastKnownFileType = sourcecode.c.objc; path = "NSManagedObjectModel+MagicalRecord.m"; sourceTree = "<group>"; };
		F644B0C4197DBB3600D846BE /* NSPersistentStore+MagicalRecord.h */ = {isa = PBXFileReference; fileEncoding = 4; lastKnownFileType = sourcecode.c.h; path = "NSPersistentStore+MagicalRecord.h"; sourceTree = "<group>"; };
		F644B0C5197DBB3600D846BE /* NSPersistentStore+MagicalRecord.m */ = {isa = PBXFileReference; fileEncoding = 4; lastKnownFileType = sourcecode.c.objc; path = "NSPersistentStore+MagicalRecord.m"; sourceTree = "<group>"; };
		F644B0C6197DBB3600D846BE /* NSPersistentStoreCoordinator+MagicalRecord.h */ = {isa = PBXFileReference; fileEncoding = 4; lastKnownFileType = sourcecode.c.h; path = "NSPersistentStoreCoordinator+MagicalRecord.h"; sourceTree = "<group>"; };
		F644B0C7197DBB3600D846BE /* NSPersistentStoreCoordinator+MagicalRecord.m */ = {isa = PBXFileReference; fileEncoding = 4; lastKnownFileType = sourcecode.c.objc; path = "NSPersistentStoreCoordinator+MagicalRecord.m"; sourceTree = "<group>"; };
		F644B0C9197DBB3600D846BE /* MagicalRecord+Actions.h */ = {isa = PBXFileReference; fileEncoding = 4; lastKnownFileType = sourcecode.c.h; path = "MagicalRecord+Actions.h"; sourceTree = "<group>"; };
		F644B0CA197DBB3600D846BE /* MagicalRecord+Actions.m */ = {isa = PBXFileReference; fileEncoding = 4; lastKnownFileType = sourcecode.c.objc; path = "MagicalRecord+Actions.m"; sourceTree = "<group>"; };
		F644B0CB197DBB3600D846BE /* MagicalRecord+ErrorHandling.h */ = {isa = PBXFileReference; fileEncoding = 4; lastKnownFileType = sourcecode.c.h; path = "MagicalRecord+ErrorHandling.h"; sourceTree = "<group>"; };
		F644B0CC197DBB3600D846BE /* MagicalRecord+ErrorHandling.m */ = {isa = PBXFileReference; fileEncoding = 4; lastKnownFileType = sourcecode.c.objc; path = "MagicalRecord+ErrorHandling.m"; sourceTree = "<group>"; };
		F644B0CD197DBB3600D846BE /* MagicalRecord+iCloud.h */ = {isa = PBXFileReference; fileEncoding = 4; lastKnownFileType = sourcecode.c.h; path = "MagicalRecord+iCloud.h"; sourceTree = "<group>"; };
		F644B0CE197DBB3600D846BE /* MagicalRecord+iCloud.m */ = {isa = PBXFileReference; fileEncoding = 4; lastKnownFileType = sourcecode.c.objc; path = "MagicalRecord+iCloud.m"; sourceTree = "<group>"; };
		F644B0CF197DBB3600D846BE /* MagicalRecord+Options.h */ = {isa = PBXFileReference; fileEncoding = 4; lastKnownFileType = sourcecode.c.h; path = "MagicalRecord+Options.h"; sourceTree = "<group>"; };
		F644B0D0197DBB3600D846BE /* MagicalRecord+Options.m */ = {isa = PBXFileReference; fileEncoding = 4; lastKnownFileType = sourcecode.c.objc; path = "MagicalRecord+Options.m"; sourceTree = "<group>"; };
		F644B0D1197DBB3600D846BE /* MagicalRecord+Setup.h */ = {isa = PBXFileReference; fileEncoding = 4; lastKnownFileType = sourcecode.c.h; path = "MagicalRecord+Setup.h"; sourceTree = "<group>"; };
		F644B0D2197DBB3600D846BE /* MagicalRecord+Setup.m */ = {isa = PBXFileReference; fileEncoding = 4; lastKnownFileType = sourcecode.c.objc; path = "MagicalRecord+Setup.m"; sourceTree = "<group>"; };
		F644B0D3197DBB3600D846BE /* MagicalRecord+ShorthandSupport.h */ = {isa = PBXFileReference; fileEncoding = 4; lastKnownFileType = sourcecode.c.h; path = "MagicalRecord+ShorthandSupport.h"; sourceTree = "<group>"; };
		F644B0D4197DBB3600D846BE /* MagicalRecord+ShorthandSupport.m */ = {isa = PBXFileReference; fileEncoding = 4; lastKnownFileType = sourcecode.c.objc; path = "MagicalRecord+ShorthandSupport.m"; sourceTree = "<group>"; };
		F644B0D5197DBB3600D846BE /* MagicalRecord.h */ = {isa = PBXFileReference; fileEncoding = 4; lastKnownFileType = sourcecode.c.h; path = MagicalRecord.h; sourceTree = "<group>"; };
		F644B0D6197DBB3600D846BE /* MagicalRecord.m */ = {isa = PBXFileReference; fileEncoding = 4; lastKnownFileType = sourcecode.c.objc; path = MagicalRecord.m; sourceTree = "<group>"; };
		F644B0D7197DBB3600D846BE /* MagicalRecordDeprecated.h */ = {isa = PBXFileReference; fileEncoding = 4; lastKnownFileType = sourcecode.c.h; path = MagicalRecordDeprecated.h; sourceTree = "<group>"; };
		F644B0D8197DBB3600D846BE /* MagicalRecordLogging.h */ = {isa = PBXFileReference; fileEncoding = 4; lastKnownFileType = sourcecode.c.h; path = MagicalRecordLogging.h; sourceTree = "<group>"; };
		F644B0D9197DBB3600D846BE /* MagicalRecordShorthand.h */ = {isa = PBXFileReference; fileEncoding = 4; lastKnownFileType = sourcecode.c.h; path = MagicalRecordShorthand.h; sourceTree = "<group>"; };
		F644B0DA197DBB3600D846BE /* CoreData+MagicalRecord.h */ = {isa = PBXFileReference; fileEncoding = 4; lastKnownFileType = sourcecode.c.h; path = "CoreData+MagicalRecord.h"; sourceTree = "<group>"; };
		F644B0FE197DCC1B00D846BE /* Tache.h */ = {isa = PBXFileReference; fileEncoding = 4; lastKnownFileType = sourcecode.c.h; path = Tache.h; sourceTree = "<group>"; };
		F644B0FF197DCC1B00D846BE /* Tache.m */ = {isa = PBXFileReference; fileEncoding = 4; lastKnownFileType = sourcecode.c.objc; path = Tache.m; sourceTree = "<group>"; };
		F644B101197DCC1B00D846BE /* Chantier.h */ = {isa = PBXFileReference; fileEncoding = 4; lastKnownFileType = sourcecode.c.h; path = Chantier.h; sourceTree = "<group>"; };
		F644B102197DCC1B00D846BE /* Chantier.m */ = {isa = PBXFileReference; fileEncoding = 4; lastKnownFileType = sourcecode.c.objc; path = Chantier.m; sourceTree = "<group>"; };
		F644B104197DCC1C00D846BE /* Images.h */ = {isa = PBXFileReference; fileEncoding = 4; lastKnownFileType = sourcecode.c.h; path = Images.h; sourceTree = "<group>"; };
		F644B105197DCC1C00D846BE /* Images.m */ = {isa = PBXFileReference; fileEncoding = 4; lastKnownFileType = sourcecode.c.objc; path = Images.m; sourceTree = "<group>"; };
		F644B107197DEDC100D846BE /* camera.png */ = {isa = PBXFileReference; lastKnownFileType = image.png; name = camera.png; path = Images/camera.png; sourceTree = "<group>"; };
		F644B108197DEDC100D846BE /* menu.png */ = {isa = PBXFileReference; lastKnownFileType = image.png; name = menu.png; path = Images/menu.png; sourceTree = "<group>"; };
		F644B109197DEDC100D846BE /* remove.png */ = {isa = PBXFileReference; lastKnownFileType = image.png; name = remove.png; path = Images/remove.png; sourceTree = "<group>"; };
		F644B10D197DEDD200D846BE /* fond-1.jpg */ = {isa = PBXFileReference; lastKnownFileType = image.jpeg; name = "fond-1.jpg"; path = "Images/fond-1.jpg"; sourceTree = "<group>"; };
		F644B10E197DEDD200D846BE /* LogoGraniou.png */ = {isa = PBXFileReference; lastKnownFileType = image.png; name = LogoGraniou.png; path = Images/LogoGraniou.png; sourceTree = "<group>"; };
		F6D3A55B1970A244008FDE1B /* GraniouProjectManagement.app */ = {isa = PBXFileReference; explicitFileType = wrapper.application; includeInIndex = 0; path = GraniouProjectManagement.app; sourceTree = BUILT_PRODUCTS_DIR; };
		F6D3A55E1970A244008FDE1B /* Foundation.framework */ = {isa = PBXFileReference; lastKnownFileType = wrapper.framework; name = Foundation.framework; path = System/Library/Frameworks/Foundation.framework; sourceTree = SDKROOT; };
		F6D3A5601970A244008FDE1B /* CoreGraphics.framework */ = {isa = PBXFileReference; lastKnownFileType = wrapper.framework; name = CoreGraphics.framework; path = System/Library/Frameworks/CoreGraphics.framework; sourceTree = SDKROOT; };
		F6D3A5621970A244008FDE1B /* UIKit.framework */ = {isa = PBXFileReference; lastKnownFileType = wrapper.framework; name = UIKit.framework; path = System/Library/Frameworks/UIKit.framework; sourceTree = SDKROOT; };
		F6D3A5641970A244008FDE1B /* CoreData.framework */ = {isa = PBXFileReference; lastKnownFileType = wrapper.framework; name = CoreData.framework; path = System/Library/Frameworks/CoreData.framework; sourceTree = SDKROOT; };
		F6D3A5681970A244008FDE1B /* GraniouProjectManagement-Info.plist */ = {isa = PBXFileReference; lastKnownFileType = text.plist.xml; path = "GraniouProjectManagement-Info.plist"; sourceTree = "<group>"; };
		F6D3A56A1970A244008FDE1B /* en */ = {isa = PBXFileReference; lastKnownFileType = text.plist.strings; name = en; path = en.lproj/InfoPlist.strings; sourceTree = "<group>"; };
		F6D3A56C1970A244008FDE1B /* main.m */ = {isa = PBXFileReference; lastKnownFileType = sourcecode.c.objc; path = main.m; sourceTree = "<group>"; };
		F6D3A56E1970A244008FDE1B /* GraniouProjectManagement-Prefix.pch */ = {isa = PBXFileReference; lastKnownFileType = sourcecode.c.h; path = "GraniouProjectManagement-Prefix.pch"; sourceTree = "<group>"; };
		F6D3A56F1970A244008FDE1B /* PTBAppDelegate.h */ = {isa = PBXFileReference; lastKnownFileType = sourcecode.c.h; path = PTBAppDelegate.h; sourceTree = "<group>"; };
		F6D3A5701970A244008FDE1B /* PTBAppDelegate.m */ = {isa = PBXFileReference; lastKnownFileType = sourcecode.c.objc; path = PTBAppDelegate.m; sourceTree = "<group>"; };
		F6D3A5731970A244008FDE1B /* GraniouProjectManagement.xcdatamodel */ = {isa = PBXFileReference; lastKnownFileType = wrapper.xcdatamodel; path = GraniouProjectManagement.xcdatamodel; sourceTree = "<group>"; };
		F6D3A5751970A244008FDE1B /* Images.xcassets */ = {isa = PBXFileReference; lastKnownFileType = folder.assetcatalog; path = Images.xcassets; sourceTree = "<group>"; };
		F6D3A57B1970A244008FDE1B /* GraniouProjectManagementTests.xctest */ = {isa = PBXFileReference; explicitFileType = wrapper.cfbundle; includeInIndex = 0; path = GraniouProjectManagementTests.xctest; sourceTree = BUILT_PRODUCTS_DIR; };
		F6D3A57C1970A244008FDE1B /* XCTest.framework */ = {isa = PBXFileReference; lastKnownFileType = wrapper.framework; name = XCTest.framework; path = Library/Frameworks/XCTest.framework; sourceTree = DEVELOPER_DIR; };
		F6D3A5851970A244008FDE1B /* GraniouProjectManagementTests-Info.plist */ = {isa = PBXFileReference; lastKnownFileType = text.plist.xml; path = "GraniouProjectManagementTests-Info.plist"; sourceTree = "<group>"; };
		F6D3A5871970A244008FDE1B /* en */ = {isa = PBXFileReference; lastKnownFileType = text.plist.strings; name = en; path = en.lproj/InfoPlist.strings; sourceTree = "<group>"; };
		F6D3A5891970A244008FDE1B /* GraniouProjectManagementTests.m */ = {isa = PBXFileReference; lastKnownFileType = sourcecode.c.objc; path = GraniouProjectManagementTests.m; sourceTree = "<group>"; };
		F6D3A5931970B57D008FDE1B /* PTBAccountVC.h */ = {isa = PBXFileReference; fileEncoding = 4; lastKnownFileType = sourcecode.c.h; name = PTBAccountVC.h; path = ViewControllers/PTBAccountVC.h; sourceTree = "<group>"; };
		F6D3A5941970B57D008FDE1B /* PTBAccountVC.m */ = {isa = PBXFileReference; fileEncoding = 4; lastKnownFileType = sourcecode.c.objc; name = PTBAccountVC.m; path = ViewControllers/PTBAccountVC.m; sourceTree = "<group>"; };
		F6D3A5951970B57D008FDE1B /* PTBAccountVC.xib */ = {isa = PBXFileReference; fileEncoding = 4; lastKnownFileType = file.xib; name = PTBAccountVC.xib; path = ViewControllers/PTBAccountVC.xib; sourceTree = "<group>"; };
		F6D3A5961970B57D008FDE1B /* PTBLoginVC.h */ = {isa = PBXFileReference; fileEncoding = 4; lastKnownFileType = sourcecode.c.h; name = PTBLoginVC.h; path = ViewControllers/PTBLoginVC.h; sourceTree = "<group>"; };
		F6D3A5971970B57D008FDE1B /* PTBLoginVC.m */ = {isa = PBXFileReference; fileEncoding = 4; lastKnownFileType = sourcecode.c.objc; name = PTBLoginVC.m; path = ViewControllers/PTBLoginVC.m; sourceTree = "<group>"; };
		F6D3A5981970B57D008FDE1B /* PTBLoginVC.xib */ = {isa = PBXFileReference; fileEncoding = 4; lastKnownFileType = file.xib; name = PTBLoginVC.xib; path = ViewControllers/PTBLoginVC.xib; sourceTree = "<group>"; };
		F6D3A5991970B57D008FDE1B /* PTBProfileSectionVC.h */ = {isa = PBXFileReference; fileEncoding = 4; lastKnownFileType = sourcecode.c.h; name = PTBProfileSectionVC.h; path = ViewControllers/PTBProfileSectionVC.h; sourceTree = "<group>"; };
		F6D3A59A1970B57D008FDE1B /* PTBProfileSectionVC.m */ = {isa = PBXFileReference; fileEncoding = 4; lastKnownFileType = sourcecode.c.objc; name = PTBProfileSectionVC.m; path = ViewControllers/PTBProfileSectionVC.m; sourceTree = "<group>"; };
		F6D3A59B1970B57D008FDE1B /* PTBProfileSectionVC.xib */ = {isa = PBXFileReference; fileEncoding = 4; lastKnownFileType = file.xib; name = PTBProfileSectionVC.xib; path = ViewControllers/PTBProfileSectionVC.xib; sourceTree = "<group>"; };
		F6D3A5A31970B612008FDE1B /* PTBAppModel.h */ = {isa = PBXFileReference; fileEncoding = 4; lastKnownFileType = sourcecode.c.h; path = PTBAppModel.h; sourceTree = "<group>"; };
		F6D3A5A41970B612008FDE1B /* PTBAppModel.m */ = {isa = PBXFileReference; fileEncoding = 4; lastKnownFileType = sourcecode.c.objc; path = PTBAppModel.m; sourceTree = "<group>"; };
		F6D3A5A6197446BB008FDE1B /* NewProjectDevProvisioningProfile.mobileprovision */ = {isa = PBXFileReference; lastKnownFileType = file; path = NewProjectDevProvisioningProfile.mobileprovision; sourceTree = "<group>"; };
		F6D3A5A7197450AB008FDE1B /* MCDefaultErrorViewController.xib */ = {isa = PBXFileReference; fileEncoding = 4; lastKnownFileType = file.xib; path = MCDefaultErrorViewController.xib; sourceTree = "<group>"; };
		F6D3A5A8197450AC008FDE1B /* MCDefaultMainViewController.xib */ = {isa = PBXFileReference; fileEncoding = 4; lastKnownFileType = file.xib; path = MCDefaultMainViewController.xib; sourceTree = "<group>"; };
		F6D3A5DB1975D08A008FDE1B /* PTBChantierMenuVC.h */ = {isa = PBXFileReference; fileEncoding = 4; lastKnownFileType = sourcecode.c.h; name = PTBChantierMenuVC.h; path = ViewControllers/PTBChantierMenuVC.h; sourceTree = "<group>"; };
		F6D3A5DC1975D08A008FDE1B /* PTBChantierMenuVC.m */ = {isa = PBXFileReference; fileEncoding = 4; lastKnownFileType = sourcecode.c.objc; name = PTBChantierMenuVC.m; path = ViewControllers/PTBChantierMenuVC.m; sourceTree = "<group>"; };
		F6D3A5DD1975D08A008FDE1B /* PTBChantierMenuVC.xib */ = {isa = PBXFileReference; fileEncoding = 4; lastKnownFileType = file.xib; name = PTBChantierMenuVC.xib; path = ViewControllers/PTBChantierMenuVC.xib; sourceTree = "<group>"; };
		F6D3A5DE1975D08A008FDE1B /* PTBDocumentsTableVC.h */ = {isa = PBXFileReference; fileEncoding = 4; lastKnownFileType = sourcecode.c.h; name = PTBDocumentsTableVC.h; path = ViewControllers/PTBDocumentsTableVC.h; sourceTree = "<group>"; };
		F6D3A5DF1975D08A008FDE1B /* PTBDocumentsTableVC.m */ = {isa = PBXFileReference; fileEncoding = 4; lastKnownFileType = sourcecode.c.objc; name = PTBDocumentsTableVC.m; path = ViewControllers/PTBDocumentsTableVC.m; sourceTree = "<group>"; };
		F6D3A5E01975D08A008FDE1B /* PTBDocumentsTableVC.xib */ = {isa = PBXFileReference; fileEncoding = 4; lastKnownFileType = file.xib; name = PTBDocumentsTableVC.xib; path = ViewControllers/PTBDocumentsTableVC.xib; sourceTree = "<group>"; };
		F6D3A5E11975D08A008FDE1B /* PTBLoadingVC.h */ = {isa = PBXFileReference; fileEncoding = 4; lastKnownFileType = sourcecode.c.h; name = PTBLoadingVC.h; path = ViewControllers/PTBLoadingVC.h; sourceTree = "<group>"; };
		F6D3A5E21975D08A008FDE1B /* PTBLoadingVC.m */ = {isa = PBXFileReference; fileEncoding = 4; lastKnownFileType = sourcecode.c.objc; name = PTBLoadingVC.m; path = ViewControllers/PTBLoadingVC.m; sourceTree = "<group>"; };
		F6D3A5E31975D08A008FDE1B /* PTBLoadingVC.xib */ = {isa = PBXFileReference; fileEncoding = 4; lastKnownFileType = file.xib; name = PTBLoadingVC.xib; path = ViewControllers/PTBLoadingVC.xib; sourceTree = "<group>"; };
		F6D3A5E71975D08A008FDE1B /* PTBMonteurSectionVC.h */ = {isa = PBXFileReference; fileEncoding = 4; lastKnownFileType = sourcecode.c.h; name = PTBMonteurSectionVC.h; path = ViewControllers/PTBMonteurSectionVC.h; sourceTree = "<group>"; };
		F6D3A5E81975D08A008FDE1B /* PTBMonteurSectionVC.m */ = {isa = PBXFileReference; fileEncoding = 4; lastKnownFileType = sourcecode.c.objc; name = PTBMonteurSectionVC.m; path = ViewControllers/PTBMonteurSectionVC.m; sourceTree = "<group>"; };
		F6D3A5E91975D08A008FDE1B /* PTBMonteurSectionVC.xib */ = {isa = PBXFileReference; fileEncoding = 4; lastKnownFileType = file.xib; name = PTBMonteurSectionVC.xib; path = ViewControllers/PTBMonteurSectionVC.xib; sourceTree = "<group>"; };
		F6D3A5ED1975D08A008FDE1B /* PTBShowPdfVC.h */ = {isa = PBXFileReference; fileEncoding = 4; lastKnownFileType = sourcecode.c.h; name = PTBShowPdfVC.h; path = ViewControllers/PTBShowPdfVC.h; sourceTree = "<group>"; };
		F6D3A5EE1975D08A008FDE1B /* PTBShowPdfVC.m */ = {isa = PBXFileReference; fileEncoding = 4; lastKnownFileType = sourcecode.c.objc; name = PTBShowPdfVC.m; path = ViewControllers/PTBShowPdfVC.m; sourceTree = "<group>"; };
		F6D3A5EF1975D08A008FDE1B /* PTBShowPdfVC.xib */ = {isa = PBXFileReference; fileEncoding = 4; lastKnownFileType = file.xib; name = PTBShowPdfVC.xib; path = ViewControllers/PTBShowPdfVC.xib; sourceTree = "<group>"; };
		F6D3A5F01975D08A008FDE1B /* PTBTachesTableVC.h */ = {isa = PBXFileReference; fileEncoding = 4; lastKnownFileType = sourcecode.c.h; name = PTBTachesTableVC.h; path = ViewControllers/PTBTachesTableVC.h; sourceTree = "<group>"; };
		F6D3A5F11975D08A008FDE1B /* PTBTachesTableVC.m */ = {isa = PBXFileReference; fileEncoding = 4; lastKnownFileType = sourcecode.c.objc; name = PTBTachesTableVC.m; path = ViewControllers/PTBTachesTableVC.m; sourceTree = "<group>"; };
		F6D3A5F21975D08A008FDE1B /* PTBTachesTableVC.xib */ = {isa = PBXFileReference; fileEncoding = 4; lastKnownFileType = file.xib; name = PTBTachesTableVC.xib; path = ViewControllers/PTBTachesTableVC.xib; sourceTree = "<group>"; };
		F6D3A5F31975D08A008FDE1B /* PTBTakePictureVC.h */ = {isa = PBXFileReference; fileEncoding = 4; lastKnownFileType = sourcecode.c.h; name = PTBTakePictureVC.h; path = ViewControllers/PTBTakePictureVC.h; sourceTree = "<group>"; };
		F6D3A5F41975D08A008FDE1B /* PTBTakePictureVC.m */ = {isa = PBXFileReference; fileEncoding = 4; lastKnownFileType = sourcecode.c.objc; name = PTBTakePictureVC.m; path = ViewControllers/PTBTakePictureVC.m; sourceTree = "<group>"; };
		F6D3A5F51975D08A008FDE1B /* PTBTakePictureVC.xib */ = {isa = PBXFileReference; fileEncoding = 4; lastKnownFileType = file.xib; name = PTBTakePictureVC.xib; path = ViewControllers/PTBTakePictureVC.xib; sourceTree = "<group>"; };
		F6D3A5F61975D08A008FDE1B /* PTBTopMenuVC.h */ = {isa = PBXFileReference; fileEncoding = 4; lastKnownFileType = sourcecode.c.h; name = PTBTopMenuVC.h; path = ViewControllers/PTBTopMenuVC.h; sourceTree = "<group>"; };
		F6D3A5F71975D08A008FDE1B /* PTBTopMenuVC.m */ = {isa = PBXFileReference; fileEncoding = 4; lastKnownFileType = sourcecode.c.objc; name = PTBTopMenuVC.m; path = ViewControllers/PTBTopMenuVC.m; sourceTree = "<group>"; };
		F6D3A5F81975D08A008FDE1B /* PTBTopMenuVC.xib */ = {isa = PBXFileReference; fileEncoding = 4; lastKnownFileType = file.xib; name = PTBTopMenuVC.xib; path = ViewControllers/PTBTopMenuVC.xib; sourceTree = "<group>"; };
		F6D3A5F91975D08A008FDE1B /* PTBWriteCommentVC.h */ = {isa = PBXFileReference; fileEncoding = 4; lastKnownFileType = sourcecode.c.h; name = PTBWriteCommentVC.h; path = ViewControllers/PTBWriteCommentVC.h; sourceTree = "<group>"; };
		F6D3A5FA1975D08A008FDE1B /* PTBWriteCommentVC.m */ = {isa = PBXFileReference; fileEncoding = 4; lastKnownFileType = sourcecode.c.objc; name = PTBWriteCommentVC.m; path = ViewControllers/PTBWriteCommentVC.m; sourceTree = "<group>"; };
		F6D3A5FB1975D08A008FDE1B /* PTBWriteCommentVC.xib */ = {isa = PBXFileReference; fileEncoding = 4; lastKnownFileType = file.xib; name = PTBWriteCommentVC.xib; path = ViewControllers/PTBWriteCommentVC.xib; sourceTree = "<group>"; };
		F6D3A6171975D8C6008FDE1B /* PTBAuthUser.h */ = {isa = PBXFileReference; fileEncoding = 4; lastKnownFileType = sourcecode.c.h; path = PTBAuthUser.h; sourceTree = "<group>"; };
		F6D3A6181975D8C6008FDE1B /* PTBAuthUser.m */ = {isa = PBXFileReference; fileEncoding = 4; lastKnownFileType = sourcecode.c.objc; path = PTBAuthUser.m; sourceTree = "<group>"; };
		F6D3A61A197752B0008FDE1B /* PTBTacheVC.h */ = {isa = PBXFileReference; fileEncoding = 4; lastKnownFileType = sourcecode.c.h; name = PTBTacheVC.h; path = ViewControllers/PTBTacheVC.h; sourceTree = "<group>"; };
		F6D3A61B197752B0008FDE1B /* PTBTacheVC.m */ = {isa = PBXFileReference; fileEncoding = 4; lastKnownFileType = sourcecode.c.objc; name = PTBTacheVC.m; path = ViewControllers/PTBTacheVC.m; sourceTree = "<group>"; };
		F6D3A61C197752B0008FDE1B /* PTBTacheVC.xib */ = {isa = PBXFileReference; fileEncoding = 4; lastKnownFileType = file.xib; name = PTBTacheVC.xib; path = ViewControllers/PTBTacheVC.xib; sourceTree = "<group>"; };
		F6D3A62A19775627008FDE1B /* PTBNavigationView.xib */ = {isa = PBXFileReference; fileEncoding = 4; lastKnownFileType = file.xib; path = PTBNavigationView.xib; sourceTree = "<group>"; };
		F6D3A62C197844B3008FDE1B /* PTBNavigationView.h */ = {isa = PBXFileReference; fileEncoding = 4; lastKnownFileType = sourcecode.c.h; path = PTBNavigationView.h; sourceTree = "<group>"; };
		F6D3A62D197844B3008FDE1B /* PTBNavigationView.m */ = {isa = PBXFileReference; fileEncoding = 4; lastKnownFileType = sourcecode.c.objc; path = PTBNavigationView.m; sourceTree = "<group>"; };
/* End PBXFileReference section */

/* Begin PBXFrameworksBuildPhase section */
		F6D3A5581970A244008FDE1B /* Frameworks */ = {
			isa = PBXFrameworksBuildPhase;
			buildActionMask = 2147483647;
			files = (
				F6D3A5611970A244008FDE1B /* CoreGraphics.framework in Frameworks */,
				F6D3A5651970A244008FDE1B /* CoreData.framework in Frameworks */,
				F6D3A5631970A244008FDE1B /* UIKit.framework in Frameworks */,
				F6D3A55F1970A244008FDE1B /* Foundation.framework in Frameworks */,
				D89B62105573488CB640CF3C /* libPods.a in Frameworks */,
			);
			runOnlyForDeploymentPostprocessing = 0;
		};
		F6D3A5781970A244008FDE1B /* Frameworks */ = {
			isa = PBXFrameworksBuildPhase;
			buildActionMask = 2147483647;
			files = (
				F6D3A57D1970A244008FDE1B /* XCTest.framework in Frameworks */,
				F6D3A5801970A244008FDE1B /* CoreData.framework in Frameworks */,
				F6D3A57F1970A244008FDE1B /* UIKit.framework in Frameworks */,
				F6D3A57E1970A244008FDE1B /* Foundation.framework in Frameworks */,
			);
			runOnlyForDeploymentPostprocessing = 0;
		};
/* End PBXFrameworksBuildPhase section */

/* Begin PBXGroup section */
		F644B09D197DBB3600D846BE /* MagicalRecord */ = {
			isa = PBXGroup;
			children = (
				F644B09E197DBB3600D846BE /* Categories */,
				F644B0C8197DBB3600D846BE /* Core */,
				F644B0DA197DBB3600D846BE /* CoreData+MagicalRecord.h */,
			);
			path = MagicalRecord;
			sourceTree = "<group>";
		};
		F644B09E197DBB3600D846BE /* Categories */ = {
			isa = PBXGroup;
			children = (
				F644B09F197DBB3600D846BE /* DataImport */,
				F644B0AE197DBB3600D846BE /* NSManagedObject */,
				F644B0B9197DBB3600D846BE /* NSManagedObjectContext */,
				F644B0C2197DBB3600D846BE /* NSManagedObjectModel+MagicalRecord.h */,
				F644B0C3197DBB3600D846BE /* NSManagedObjectModel+MagicalRecord.m */,
				F644B0C4197DBB3600D846BE /* NSPersistentStore+MagicalRecord.h */,
				F644B0C5197DBB3600D846BE /* NSPersistentStore+MagicalRecord.m */,
				F644B0C6197DBB3600D846BE /* NSPersistentStoreCoordinator+MagicalRecord.h */,
				F644B0C7197DBB3600D846BE /* NSPersistentStoreCoordinator+MagicalRecord.m */,
			);
			path = Categories;
			sourceTree = "<group>";
		};
		F644B09F197DBB3600D846BE /* DataImport */ = {
			isa = PBXGroup;
			children = (
				F644B0A0197DBB3600D846BE /* MagicalImportFunctions.h */,
				F644B0A1197DBB3600D846BE /* MagicalImportFunctions.m */,
				F644B0A2197DBB3600D846BE /* NSAttributeDescription+MagicalDataImport.h */,
				F644B0A3197DBB3600D846BE /* NSAttributeDescription+MagicalDataImport.m */,
				F644B0A4197DBB3600D846BE /* NSEntityDescription+MagicalDataImport.h */,
				F644B0A5197DBB3600D846BE /* NSEntityDescription+MagicalDataImport.m */,
				F644B0A6197DBB3600D846BE /* NSNumber+MagicalDataImport.h */,
				F644B0A7197DBB3600D846BE /* NSNumber+MagicalDataImport.m */,
				F644B0A8197DBB3600D846BE /* NSObject+MagicalDataImport.h */,
				F644B0A9197DBB3600D846BE /* NSObject+MagicalDataImport.m */,
				F644B0AA197DBB3600D846BE /* NSRelationshipDescription+MagicalDataImport.h */,
				F644B0AB197DBB3600D846BE /* NSRelationshipDescription+MagicalDataImport.m */,
				F644B0AC197DBB3600D846BE /* NSString+MagicalDataImport.h */,
				F644B0AD197DBB3600D846BE /* NSString+MagicalDataImport.m */,
			);
			path = DataImport;
			sourceTree = "<group>";
		};
		F644B0AE197DBB3600D846BE /* NSManagedObject */ = {
			isa = PBXGroup;
			children = (
				F644B0AF197DBB3600D846BE /* NSManagedObject+MagicalAggregation.h */,
				F644B0B0197DBB3600D846BE /* NSManagedObject+MagicalAggregation.m */,
				F644B0B1197DBB3600D846BE /* NSManagedObject+MagicalDataImport.h */,
				F644B0B2197DBB3600D846BE /* NSManagedObject+MagicalDataImport.m */,
				F644B0B3197DBB3600D846BE /* NSManagedObject+MagicalFinders.h */,
				F644B0B4197DBB3600D846BE /* NSManagedObject+MagicalFinders.m */,
				F644B0B5197DBB3600D846BE /* NSManagedObject+MagicalRecord.h */,
				F644B0B6197DBB3600D846BE /* NSManagedObject+MagicalRecord.m */,
				F644B0B7197DBB3600D846BE /* NSManagedObject+MagicalRequests.h */,
				F644B0B8197DBB3600D846BE /* NSManagedObject+MagicalRequests.m */,
			);
			path = NSManagedObject;
			sourceTree = "<group>";
		};
		F644B0B9197DBB3600D846BE /* NSManagedObjectContext */ = {
			isa = PBXGroup;
			children = (
				F644B0BA197DBB3600D846BE /* NSManagedObjectContext+MagicalObserving.h */,
				F644B0BB197DBB3600D846BE /* NSManagedObjectContext+MagicalObserving.m */,
				F644B0BC197DBB3600D846BE /* NSManagedObjectContext+MagicalRecord.h */,
				F644B0BD197DBB3600D846BE /* NSManagedObjectContext+MagicalRecord.m */,
				F644B0BE197DBB3600D846BE /* NSManagedObjectContext+MagicalSaves.h */,
				F644B0BF197DBB3600D846BE /* NSManagedObjectContext+MagicalSaves.m */,
				F644B0C0197DBB3600D846BE /* NSManagedObjectContext+MagicalThreading.h */,
				F644B0C1197DBB3600D846BE /* NSManagedObjectContext+MagicalThreading.m */,
			);
			path = NSManagedObjectContext;
			sourceTree = "<group>";
		};
		F644B0C8197DBB3600D846BE /* Core */ = {
			isa = PBXGroup;
			children = (
				F644B0C9197DBB3600D846BE /* MagicalRecord+Actions.h */,
				F644B0CA197DBB3600D846BE /* MagicalRecord+Actions.m */,
				F644B0CB197DBB3600D846BE /* MagicalRecord+ErrorHandling.h */,
				F644B0CC197DBB3600D846BE /* MagicalRecord+ErrorHandling.m */,
				F644B0CD197DBB3600D846BE /* MagicalRecord+iCloud.h */,
				F644B0CE197DBB3600D846BE /* MagicalRecord+iCloud.m */,
				F644B0CF197DBB3600D846BE /* MagicalRecord+Options.h */,
				F644B0D0197DBB3600D846BE /* MagicalRecord+Options.m */,
				F644B0D1197DBB3600D846BE /* MagicalRecord+Setup.h */,
				F644B0D2197DBB3600D846BE /* MagicalRecord+Setup.m */,
				F644B0D3197DBB3600D846BE /* MagicalRecord+ShorthandSupport.h */,
				F644B0D4197DBB3600D846BE /* MagicalRecord+ShorthandSupport.m */,
				F644B0D5197DBB3600D846BE /* MagicalRecord.h */,
				F644B0D6197DBB3600D846BE /* MagicalRecord.m */,
				F644B0D7197DBB3600D846BE /* MagicalRecordDeprecated.h */,
				F644B0D8197DBB3600D846BE /* MagicalRecordLogging.h */,
				F644B0D9197DBB3600D846BE /* MagicalRecordShorthand.h */,
			);
			path = Core;
			sourceTree = "<group>";
		};
		F644B111197DEE7500D846BE /* Documents */ = {
			isa = PBXGroup;
			children = (
				F6D3A5DE1975D08A008FDE1B /* PTBDocumentsTableVC.h */,
				F6D3A5DF1975D08A008FDE1B /* PTBDocumentsTableVC.m */,
				F6D3A5E01975D08A008FDE1B /* PTBDocumentsTableVC.xib */,
				F6D3A5ED1975D08A008FDE1B /* PTBShowPdfVC.h */,
				F6D3A5EE1975D08A008FDE1B /* PTBShowPdfVC.m */,
				F6D3A5EF1975D08A008FDE1B /* PTBShowPdfVC.xib */,
			);
			name = Documents;
			sourceTree = "<group>";
		};
		F6D3A5521970A244008FDE1B = {
			isa = PBXGroup;
			children = (
				F6D3A5A6197446BB008FDE1B /* NewProjectDevProvisioningProfile.mobileprovision */,
				F6D3A5661970A244008FDE1B /* GraniouProjectManagement */,
				F6D3A5831970A244008FDE1B /* GraniouProjectManagementTests */,
				F644B09D197DBB3600D846BE /* MagicalRecord */,
				F6D3A55D1970A244008FDE1B /* Frameworks */,
				F6D3A55C1970A244008FDE1B /* Products */,
				13A8D27112334B76BA002B31 /* Pods.xcconfig */,
			);
			sourceTree = "<group>";
		};
		F6D3A55C1970A244008FDE1B /* Products */ = {
			isa = PBXGroup;
			children = (
				F6D3A55B1970A244008FDE1B /* GraniouProjectManagement.app */,
				F6D3A57B1970A244008FDE1B /* GraniouProjectManagementTests.xctest */,
			);
			name = Products;
			sourceTree = "<group>";
		};
		F6D3A55D1970A244008FDE1B /* Frameworks */ = {
			isa = PBXGroup;
			children = (
				F6D3A55E1970A244008FDE1B /* Foundation.framework */,
				F6D3A5601970A244008FDE1B /* CoreGraphics.framework */,
				F6D3A5621970A244008FDE1B /* UIKit.framework */,
				F6D3A5641970A244008FDE1B /* CoreData.framework */,
				F6D3A57C1970A244008FDE1B /* XCTest.framework */,
				AB1827E63AF64A5C9B7892E5 /* libPods.a */,
			);
			name = Frameworks;
			sourceTree = "<group>";
		};
		F6D3A5661970A244008FDE1B /* GraniouProjectManagement */ = {
			isa = PBXGroup;
			children = (
				F6D3A56F1970A244008FDE1B /* PTBAppDelegate.h */,
				F6D3A5701970A244008FDE1B /* PTBAppDelegate.m */,
				F6D3A5A31970B612008FDE1B /* PTBAppModel.h */,
				F6D3A5A41970B612008FDE1B /* PTBAppModel.m */,
				F6D3A5751970A244008FDE1B /* Images.xcassets */,
				F6D3A5721970A244008FDE1B /* GraniouProjectManagement.xcdatamodeld */,
				F6D3A6161975D894008FDE1B /* Objects */,
				F6D3A5B419748E6F008FDE1B /* MOModel */,
				F6D3A5A21970B597008FDE1B /* VC */,
				F6D3A629197755E7008FDE1B /* CustomViews */,
				F6D3A5671970A244008FDE1B /* Supporting Files */,
				F6D3A5D71974AEF4008FDE1B /* Resources */,
			);
			path = GraniouProjectManagement;
			sourceTree = "<group>";
		};
		F6D3A5671970A244008FDE1B /* Supporting Files */ = {
			isa = PBXGroup;
			children = (
				F6D3A5681970A244008FDE1B /* GraniouProjectManagement-Info.plist */,
				F6D3A5691970A244008FDE1B /* InfoPlist.strings */,
				F6D3A56C1970A244008FDE1B /* main.m */,
				F6D3A56E1970A244008FDE1B /* GraniouProjectManagement-Prefix.pch */,
			);
			name = "Supporting Files";
			sourceTree = "<group>";
		};
		F6D3A5831970A244008FDE1B /* GraniouProjectManagementTests */ = {
			isa = PBXGroup;
			children = (
				F6D3A5891970A244008FDE1B /* GraniouProjectManagementTests.m */,
				F6D3A5841970A244008FDE1B /* Supporting Files */,
			);
			path = GraniouProjectManagementTests;
			sourceTree = "<group>";
		};
		F6D3A5841970A244008FDE1B /* Supporting Files */ = {
			isa = PBXGroup;
			children = (
				F6D3A5851970A244008FDE1B /* GraniouProjectManagementTests-Info.plist */,
				F6D3A5861970A244008FDE1B /* InfoPlist.strings */,
			);
			name = "Supporting Files";
			sourceTree = "<group>";
		};
		F6D3A5A21970B597008FDE1B /* VC */ = {
			isa = PBXGroup;
			children = (
				F6D3A5A7197450AB008FDE1B /* MCDefaultErrorViewController.xib */,
				F6D3A5A8197450AC008FDE1B /* MCDefaultMainViewController.xib */,
				F6D3A6141975D0EE008FDE1B /* Section1 - Profile */,
				F6D3A6151975D172008FDE1B /* Section2 - Monteur */,
			);
			name = VC;
			sourceTree = "<group>";
		};
		F6D3A5B419748E6F008FDE1B /* MOModel */ = {
			isa = PBXGroup;
			children = (
				F644B104197DCC1C00D846BE /* Images.h */,
				F644B105197DCC1C00D846BE /* Images.m */,
				F644B101197DCC1B00D846BE /* Chantier.h */,
				F644B102197DCC1B00D846BE /* Chantier.m */,
				F644B0FE197DCC1B00D846BE /* Tache.h */,
				F644B0FF197DCC1B00D846BE /* Tache.m */,
			);
			name = MOModel;
			sourceTree = "<group>";
		};
		F6D3A5D71974AEF4008FDE1B /* Resources */ = {
			isa = PBXGroup;
			children = (
				F6D3A64319798F02008FDE1B /* Icons */,
				F644B10D197DEDD200D846BE /* fond-1.jpg */,
				F644B10E197DEDD200D846BE /* LogoGraniou.png */,
			);
			name = Resources;
			sourceTree = "<group>";
		};
		F6D3A6141975D0EE008FDE1B /* Section1 - Profile */ = {
			isa = PBXGroup;
			children = (
				F6D3A5991970B57D008FDE1B /* PTBProfileSectionVC.h */,
				F6D3A59A1970B57D008FDE1B /* PTBProfileSectionVC.m */,
				F6D3A59B1970B57D008FDE1B /* PTBProfileSectionVC.xib */,
				F6D3A5961970B57D008FDE1B /* PTBLoginVC.h */,
				F6D3A5971970B57D008FDE1B /* PTBLoginVC.m */,
				F6D3A5981970B57D008FDE1B /* PTBLoginVC.xib */,
				F6D3A5E11975D08A008FDE1B /* PTBLoadingVC.h */,
				F6D3A5E21975D08A008FDE1B /* PTBLoadingVC.m */,
				F6D3A5E31975D08A008FDE1B /* PTBLoadingVC.xib */,
				F6D3A5931970B57D008FDE1B /* PTBAccountVC.h */,
				F6D3A5941970B57D008FDE1B /* PTBAccountVC.m */,
				F6D3A5951970B57D008FDE1B /* PTBAccountVC.xib */,
			);
			name = "Section1 - Profile";
			sourceTree = "<group>";
		};
		F6D3A6151975D172008FDE1B /* Section2 - Monteur */ = {
			isa = PBXGroup;
			children = (
				F6D3A5E71975D08A008FDE1B /* PTBMonteurSectionVC.h */,
				F6D3A5E81975D08A008FDE1B /* PTBMonteurSectionVC.m */,
				F6D3A5E91975D08A008FDE1B /* PTBMonteurSectionVC.xib */,
				F6D3A5F61975D08A008FDE1B /* PTBTopMenuVC.h */,
				F6D3A5F71975D08A008FDE1B /* PTBTopMenuVC.m */,
				F6D3A5F81975D08A008FDE1B /* PTBTopMenuVC.xib */,
				F6D3A5DB1975D08A008FDE1B /* PTBChantierMenuVC.h */,
				F6D3A5DC1975D08A008FDE1B /* PTBChantierMenuVC.m */,
				F6D3A5DD1975D08A008FDE1B /* PTBChantierMenuVC.xib */,
				F6D3A5F01975D08A008FDE1B /* PTBTachesTableVC.h */,
				F6D3A5F11975D08A008FDE1B /* PTBTachesTableVC.m */,
				F6D3A5F21975D08A008FDE1B /* PTBTachesTableVC.xib */,
				F6D3A61A197752B0008FDE1B /* PTBTacheVC.h */,
				F6D3A61B197752B0008FDE1B /* PTBTacheVC.m */,
				F6D3A61C197752B0008FDE1B /* PTBTacheVC.xib */,
				F6D3A5F31975D08A008FDE1B /* PTBTakePictureVC.h */,
				F6D3A5F41975D08A008FDE1B /* PTBTakePictureVC.m */,
				F6D3A5F51975D08A008FDE1B /* PTBTakePictureVC.xib */,
				F6D3A5F91975D08A008FDE1B /* PTBWriteCommentVC.h */,
				F6D3A5FA1975D08A008FDE1B /* PTBWriteCommentVC.m */,
				F6D3A5FB1975D08A008FDE1B /* PTBWriteCommentVC.xib */,
				F644B111197DEE7500D846BE /* Documents */,
			);
			name = "Section2 - Monteur";
			sourceTree = "<group>";
		};
		F6D3A6161975D894008FDE1B /* Objects */ = {
			isa = PBXGroup;
			children = (
				F6D3A6171975D8C6008FDE1B /* PTBAuthUser.h */,
				F6D3A6181975D8C6008FDE1B /* PTBAuthUser.m */,
			);
			name = Objects;
			sourceTree = "<group>";
		};
		F6D3A629197755E7008FDE1B /* CustomViews */ = {
			isa = PBXGroup;
			children = (
				F6D3A62A19775627008FDE1B /* PTBNavigationView.xib */,
				F6D3A62C197844B3008FDE1B /* PTBNavigationView.h */,
				F6D3A62D197844B3008FDE1B /* PTBNavigationView.m */,
			);
			name = CustomViews;
			sourceTree = "<group>";
		};
		F6D3A64319798F02008FDE1B /* Icons */ = {
			isa = PBXGroup;
			children = (
				F644B107197DEDC100D846BE /* camera.png */,
				F644B108197DEDC100D846BE /* menu.png */,
				F644B109197DEDC100D846BE /* remove.png */,
			);
			name = Icons;
			sourceTree = "<group>";
		};
/* End PBXGroup section */

/* Begin PBXNativeTarget section */
		F6D3A55A1970A244008FDE1B /* GraniouProjectManagement */ = {
			isa = PBXNativeTarget;
			buildConfigurationList = F6D3A58D1970A244008FDE1B /* Build configuration list for PBXNativeTarget "GraniouProjectManagement" */;
			buildPhases = (
				6D4B2A22A66B44DE99132E01 /* Check Pods Manifest.lock */,
				F6D3A5571970A244008FDE1B /* Sources */,
				F6D3A5581970A244008FDE1B /* Frameworks */,
				F6D3A5591970A244008FDE1B /* Resources */,
				91F84D6D4D8743649232E53E /* Copy Pods Resources */,
			);
			buildRules = (
			);
			dependencies = (
			);
			name = GraniouProjectManagement;
			productName = GraniouProjectManagement;
			productReference = F6D3A55B1970A244008FDE1B /* GraniouProjectManagement.app */;
			productType = "com.apple.product-type.application";
		};
		F6D3A57A1970A244008FDE1B /* GraniouProjectManagementTests */ = {
			isa = PBXNativeTarget;
			buildConfigurationList = F6D3A5901970A244008FDE1B /* Build configuration list for PBXNativeTarget "GraniouProjectManagementTests" */;
			buildPhases = (
				F6D3A5771970A244008FDE1B /* Sources */,
				F6D3A5781970A244008FDE1B /* Frameworks */,
				F6D3A5791970A244008FDE1B /* Resources */,
			);
			buildRules = (
			);
			dependencies = (
				F6D3A5821970A244008FDE1B /* PBXTargetDependency */,
			);
			name = GraniouProjectManagementTests;
			productName = GraniouProjectManagementTests;
			productReference = F6D3A57B1970A244008FDE1B /* GraniouProjectManagementTests.xctest */;
			productType = "com.apple.product-type.bundle.unit-test";
		};
/* End PBXNativeTarget section */

/* Begin PBXProject section */
		F6D3A5531970A244008FDE1B /* Project object */ = {
			isa = PBXProject;
			attributes = {
				CLASSPREFIX = PTB;
				LastUpgradeCheck = 0510;
				ORGANIZATIONNAME = Graniou;
				TargetAttributes = {
					F6D3A55A1970A244008FDE1B = {
						DevelopmentTeam = FX5DHFP49L;
					};
					F6D3A57A1970A244008FDE1B = {
						TestTargetID = F6D3A55A1970A244008FDE1B;
					};
				};
			};
			buildConfigurationList = F6D3A5561970A244008FDE1B /* Build configuration list for PBXProject "GraniouProjectManagement" */;
			compatibilityVersion = "Xcode 3.2";
			developmentRegion = English;
			hasScannedForEncodings = 0;
			knownRegions = (
				en,
			);
			mainGroup = F6D3A5521970A244008FDE1B;
			productRefGroup = F6D3A55C1970A244008FDE1B /* Products */;
			projectDirPath = "";
			projectRoot = "";
			targets = (
				F6D3A55A1970A244008FDE1B /* GraniouProjectManagement */,
				F6D3A57A1970A244008FDE1B /* GraniouProjectManagementTests */,
			);
		};
/* End PBXProject section */

/* Begin PBXResourcesBuildPhase section */
		F6D3A5591970A244008FDE1B /* Resources */ = {
			isa = PBXResourcesBuildPhase;
			buildActionMask = 2147483647;
			files = (
				F6D3A60F1975D08A008FDE1B /* PTBTakePictureVC.xib in Resources */,
				F6D3A61E197752B0008FDE1B /* PTBTacheVC.xib in Resources */,
				F6D3A60B1975D08A008FDE1B /* PTBShowPdfVC.xib in Resources */,
				F6D3A6111975D08A008FDE1B /* PTBTopMenuVC.xib in Resources */,
				F6D3A5FF1975D08A008FDE1B /* PTBChantierMenuVC.xib in Resources */,
				F6D3A5AA197450AC008FDE1B /* MCDefaultMainViewController.xib in Resources */,
				F6D3A6011975D08A008FDE1B /* PTBDocumentsTableVC.xib in Resources */,
				F644B10C197DEDC100D846BE /* remove.png in Resources */,
				F6D3A56B1970A244008FDE1B /* InfoPlist.strings in Resources */,
				F6D3A62B19775627008FDE1B /* PTBNavigationView.xib in Resources */,
				F6D3A5A11970B57D008FDE1B /* PTBProfileSectionVC.xib in Resources */,
				F6D3A59D1970B57D008FDE1B /* PTBAccountVC.xib in Resources */,
				F644B10A197DEDC100D846BE /* camera.png in Resources */,
				F6D3A5761970A244008FDE1B /* Images.xcassets in Resources */,
				F644B10B197DEDC100D846BE /* menu.png in Resources */,
				F6D3A6031975D08A008FDE1B /* PTBLoadingVC.xib in Resources */,
				F644B10F197DEDD200D846BE /* fond-1.jpg in Resources */,
				F6D3A6071975D08A008FDE1B /* PTBMonteurSectionVC.xib in Resources */,
				F6D3A60D1975D08A008FDE1B /* PTBTachesTableVC.xib in Resources */,
				F644B110197DEDD200D846BE /* LogoGraniou.png in Resources */,
				F6D3A6131975D08A008FDE1B /* PTBWriteCommentVC.xib in Resources */,
				F6D3A5A9197450AC008FDE1B /* MCDefaultErrorViewController.xib in Resources */,
				F6D3A59F1970B57D008FDE1B /* PTBLoginVC.xib in Resources */,
			);
			runOnlyForDeploymentPostprocessing = 0;
		};
		F6D3A5791970A244008FDE1B /* Resources */ = {
			isa = PBXResourcesBuildPhase;
			buildActionMask = 2147483647;
			files = (
				F6D3A5881970A244008FDE1B /* InfoPlist.strings in Resources */,
			);
			runOnlyForDeploymentPostprocessing = 0;
		};
/* End PBXResourcesBuildPhase section */

/* Begin PBXShellScriptBuildPhase section */
		6D4B2A22A66B44DE99132E01 /* Check Pods Manifest.lock */ = {
			isa = PBXShellScriptBuildPhase;
			buildActionMask = 2147483647;
			files = (
			);
			inputPaths = (
			);
			name = "Check Pods Manifest.lock";
			outputPaths = (
			);
			runOnlyForDeploymentPostprocessing = 0;
			shellPath = /bin/sh;
			shellScript = "diff \"${PODS_ROOT}/../Podfile.lock\" \"${PODS_ROOT}/Manifest.lock\" > /dev/null\nif [[ $? != 0 ]] ; then\n    cat << EOM\nerror: The sandbox is not in sync with the Podfile.lock. Run 'pod install' or update your CocoaPods installation.\nEOM\n    exit 1\nfi\n";
			showEnvVarsInLog = 0;
		};
		91F84D6D4D8743649232E53E /* Copy Pods Resources */ = {
			isa = PBXShellScriptBuildPhase;
			buildActionMask = 2147483647;
			files = (
			);
			inputPaths = (
			);
			name = "Copy Pods Resources";
			outputPaths = (
			);
			runOnlyForDeploymentPostprocessing = 0;
			shellPath = /bin/sh;
			shellScript = "\"${SRCROOT}/Pods/Pods-resources.sh\"\n";
			showEnvVarsInLog = 0;
		};
/* End PBXShellScriptBuildPhase section */

/* Begin PBXSourcesBuildPhase section */
		F6D3A5571970A244008FDE1B /* Sources */ = {
			isa = PBXSourcesBuildPhase;
			buildActionMask = 2147483647;
			files = (
				F644B0DB197DBB3600D846BE /* MagicalImportFunctions.m in Sources */,
				F644B0DD197DBB3600D846BE /* NSEntityDescription+MagicalDataImport.m in Sources */,
				F6D3A5A51970B612008FDE1B /* PTBAppModel.m in Sources */,
				F6D3A56D1970A244008FDE1B /* main.m in Sources */,
				F644B0E7197DBB3600D846BE /* NSManagedObjectContext+MagicalObserving.m in Sources */,
				F644B0EA197DBB3600D846BE /* NSManagedObjectContext+MagicalThreading.m in Sources */,
				F6D3A6021975D08A008FDE1B /* PTBLoadingVC.m in Sources */,
				F644B0F0197DBB3600D846BE /* MagicalRecord+iCloud.m in Sources */,
				F644B0E5197DBB3600D846BE /* NSManagedObject+MagicalRecord.m in Sources */,
				F644B0F2197DBB3600D846BE /* MagicalRecord+Setup.m in Sources */,
				F6D3A59E1970B57D008FDE1B /* PTBLoginVC.m in Sources */,
				F644B0F4197DBB3600D846BE /* MagicalRecord.m in Sources */,
				F644B0F1197DBB3600D846BE /* MagicalRecord+Options.m in Sources */,
				F6D3A60E1975D08A008FDE1B /* PTBTakePictureVC.m in Sources */,
				F644B0EC197DBB3600D846BE /* NSPersistentStore+MagicalRecord.m in Sources */,
				F6D3A60C1975D08A008FDE1B /* PTBTachesTableVC.m in Sources */,
				F644B106197DCC1C00D846BE /* Images.m in Sources */,
				F644B0DC197DBB3600D846BE /* NSAttributeDescription+MagicalDataImport.m in Sources */,
				F644B0F3197DBB3600D846BE /* MagicalRecord+ShorthandSupport.m in Sources */,
				F6D3A6121975D08A008FDE1B /* PTBWriteCommentVC.m in Sources */,
				F644B0E8197DBB3600D846BE /* NSManagedObjectContext+MagicalRecord.m in Sources */,
				F6D3A6001975D08A008FDE1B /* PTBDocumentsTableVC.m in Sources */,
				F6D3A5FE1975D08A008FDE1B /* PTBChantierMenuVC.m in Sources */,
				F6D3A59C1970B57D008FDE1B /* PTBAccountVC.m in Sources */,
				F644B103197DCC1B00D846BE /* Chantier.m in Sources */,
				F6D3A5A01970B57D008FDE1B /* PTBProfileSectionVC.m in Sources */,
				F644B0E4197DBB3600D846BE /* NSManagedObject+MagicalFinders.m in Sources */,
				F6D3A5711970A244008FDE1B /* PTBAppDelegate.m in Sources */,
				F644B0E9197DBB3600D846BE /* NSManagedObjectContext+MagicalSaves.m in Sources */,
				F6D3A60A1975D08A008FDE1B /* PTBShowPdfVC.m in Sources */,
				F644B0E1197DBB3600D846BE /* NSString+MagicalDataImport.m in Sources */,
				F644B0EE197DBB3600D846BE /* MagicalRecord+Actions.m in Sources */,
				F644B0DE197DBB3600D846BE /* NSNumber+MagicalDataImport.m in Sources */,
				F644B0E2197DBB3600D846BE /* NSManagedObject+MagicalAggregation.m in Sources */,
				F6D3A5741970A244008FDE1B /* GraniouProjectManagement.xcdatamodeld in Sources */,
				F644B0E0197DBB3600D846BE /* NSRelationshipDescription+MagicalDataImport.m in Sources */,
				F644B0E3197DBB3600D846BE /* NSManagedObject+MagicalDataImport.m in Sources */,
				F6D3A6191975D8C6008FDE1B /* PTBAuthUser.m in Sources */,
				F6D3A6061975D08A008FDE1B /* PTBMonteurSectionVC.m in Sources */,
				F644B100197DCC1B00D846BE /* Tache.m in Sources */,
				F644B0DF197DBB3600D846BE /* NSObject+MagicalDataImport.m in Sources */,
				F644B0ED197DBB3600D846BE /* NSPersistentStoreCoordinator+MagicalRecord.m in Sources */,
				F6D3A61D197752B0008FDE1B /* PTBTacheVC.m in Sources */,
				F6D3A6101975D08A008FDE1B /* PTBTopMenuVC.m in Sources */,
				F644B0EB197DBB3600D846BE /* NSManagedObjectModel+MagicalRecord.m in Sources */,
				F644B0E6197DBB3600D846BE /* NSManagedObject+MagicalRequests.m in Sources */,
				F6D3A62E197844B3008FDE1B /* PTBNavigationView.m in Sources */,
				F644B0EF197DBB3600D846BE /* MagicalRecord+ErrorHandling.m in Sources */,
			);
			runOnlyForDeploymentPostprocessing = 0;
		};
		F6D3A5771970A244008FDE1B /* Sources */ = {
			isa = PBXSourcesBuildPhase;
			buildActionMask = 2147483647;
			files = (
				F6D3A58A1970A244008FDE1B /* GraniouProjectManagementTests.m in Sources */,
			);
			runOnlyForDeploymentPostprocessing = 0;
		};
/* End PBXSourcesBuildPhase section */

/* Begin PBXTargetDependency section */
		F6D3A5821970A244008FDE1B /* PBXTargetDependency */ = {
			isa = PBXTargetDependency;
			target = F6D3A55A1970A244008FDE1B /* GraniouProjectManagement */;
			targetProxy = F6D3A5811970A244008FDE1B /* PBXContainerItemProxy */;
		};
/* End PBXTargetDependency section */

/* Begin PBXVariantGroup section */
		F6D3A5691970A244008FDE1B /* InfoPlist.strings */ = {
			isa = PBXVariantGroup;
			children = (
				F6D3A56A1970A244008FDE1B /* en */,
			);
			name = InfoPlist.strings;
			sourceTree = "<group>";
		};
		F6D3A5861970A244008FDE1B /* InfoPlist.strings */ = {
			isa = PBXVariantGroup;
			children = (
				F6D3A5871970A244008FDE1B /* en */,
			);
			name = InfoPlist.strings;
			sourceTree = "<group>";
		};
/* End PBXVariantGroup section */

/* Begin XCBuildConfiguration section */
		F6D3A58B1970A244008FDE1B /* Debug */ = {
			isa = XCBuildConfiguration;
			buildSettings = {
				ALWAYS_SEARCH_USER_PATHS = NO;
				CLANG_CXX_LANGUAGE_STANDARD = "gnu++0x";
				CLANG_CXX_LIBRARY = "libc++";
				CLANG_ENABLE_MODULES = YES;
				CLANG_ENABLE_OBJC_ARC = YES;
				CLANG_WARN_BOOL_CONVERSION = YES;
				CLANG_WARN_CONSTANT_CONVERSION = YES;
				CLANG_WARN_DIRECT_OBJC_ISA_USAGE = YES_ERROR;
				CLANG_WARN_EMPTY_BODY = YES;
				CLANG_WARN_ENUM_CONVERSION = YES;
				CLANG_WARN_INT_CONVERSION = YES;
				CLANG_WARN_OBJC_ROOT_CLASS = YES_ERROR;
				CLANG_WARN__DUPLICATE_METHOD_MATCH = YES;
				"CODE_SIGN_IDENTITY[sdk=iphoneos*]" = "iPhone Developer";
				COPY_PHASE_STRIP = NO;
				GCC_C_LANGUAGE_STANDARD = gnu99;
				GCC_DYNAMIC_NO_PIC = NO;
				GCC_OPTIMIZATION_LEVEL = 0;
				GCC_PREPROCESSOR_DEFINITIONS = (
					"DEBUG=1",
					"$(inherited)",
				);
				GCC_SYMBOLS_PRIVATE_EXTERN = NO;
				GCC_WARN_64_TO_32_BIT_CONVERSION = YES;
				GCC_WARN_ABOUT_RETURN_TYPE = YES_ERROR;
				GCC_WARN_UNDECLARED_SELECTOR = YES;
				GCC_WARN_UNINITIALIZED_AUTOS = YES_AGGRESSIVE;
				GCC_WARN_UNUSED_FUNCTION = YES;
				GCC_WARN_UNUSED_VARIABLE = YES;
				IPHONEOS_DEPLOYMENT_TARGET = 7.1;
				ONLY_ACTIVE_ARCH = YES;
				SDKROOT = iphoneos;
				TARGETED_DEVICE_FAMILY = "1,2";
			};
			name = Debug;
		};
		F6D3A58C1970A244008FDE1B /* Release */ = {
			isa = XCBuildConfiguration;
			buildSettings = {
				ALWAYS_SEARCH_USER_PATHS = NO;
				CLANG_CXX_LANGUAGE_STANDARD = "gnu++0x";
				CLANG_CXX_LIBRARY = "libc++";
				CLANG_ENABLE_MODULES = YES;
				CLANG_ENABLE_OBJC_ARC = YES;
				CLANG_WARN_BOOL_CONVERSION = YES;
				CLANG_WARN_CONSTANT_CONVERSION = YES;
				CLANG_WARN_DIRECT_OBJC_ISA_USAGE = YES_ERROR;
				CLANG_WARN_EMPTY_BODY = YES;
				CLANG_WARN_ENUM_CONVERSION = YES;
				CLANG_WARN_INT_CONVERSION = YES;
				CLANG_WARN_OBJC_ROOT_CLASS = YES_ERROR;
				CLANG_WARN__DUPLICATE_METHOD_MATCH = YES;
				"CODE_SIGN_IDENTITY[sdk=iphoneos*]" = "iPhone Developer";
				COPY_PHASE_STRIP = YES;
				ENABLE_NS_ASSERTIONS = NO;
				GCC_C_LANGUAGE_STANDARD = gnu99;
				GCC_WARN_64_TO_32_BIT_CONVERSION = YES;
				GCC_WARN_ABOUT_RETURN_TYPE = YES_ERROR;
				GCC_WARN_UNDECLARED_SELECTOR = YES;
				GCC_WARN_UNINITIALIZED_AUTOS = YES_AGGRESSIVE;
				GCC_WARN_UNUSED_FUNCTION = YES;
				GCC_WARN_UNUSED_VARIABLE = YES;
				IPHONEOS_DEPLOYMENT_TARGET = 7.1;
				SDKROOT = iphoneos;
				TARGETED_DEVICE_FAMILY = "1,2";
				VALIDATE_PRODUCT = YES;
			};
			name = Release;
		};
		F6D3A58E1970A244008FDE1B /* Debug */ = {
			isa = XCBuildConfiguration;
			baseConfigurationReference = 13A8D27112334B76BA002B31 /* Pods.xcconfig */;
			buildSettings = {
				ASSETCATALOG_COMPILER_APPICON_NAME = AppIcon;
				ASSETCATALOG_COMPILER_LAUNCHIMAGE_NAME = LaunchImage;
				CODE_SIGN_IDENTITY = "iPhone Developer";
				"CODE_SIGN_IDENTITY[sdk=iphoneos*]" = "iPhone Developer";
				GCC_PRECOMPILE_PREFIX_HEADER = YES;
				GCC_PREFIX_HEADER = "GraniouProjectManagement/GraniouProjectManagement-Prefix.pch";
				INFOPLIST_FILE = "GraniouProjectManagement/GraniouProjectManagement-Info.plist";
				IPHONEOS_DEPLOYMENT_TARGET = 7.1;
				PRODUCT_NAME = "$(TARGET_NAME)";
				PROVISIONING_PROFILE = "";
				TARGETED_DEVICE_FAMILY = 1;
				WRAPPER_EXTENSION = app;
			};
			name = Debug;
		};
		F6D3A58F1970A244008FDE1B /* Release */ = {
			isa = XCBuildConfiguration;
			baseConfigurationReference = 13A8D27112334B76BA002B31 /* Pods.xcconfig */;
			buildSettings = {
				ASSETCATALOG_COMPILER_APPICON_NAME = AppIcon;
				ASSETCATALOG_COMPILER_LAUNCHIMAGE_NAME = LaunchImage;
				CODE_SIGN_IDENTITY = "iPhone Developer";
				"CODE_SIGN_IDENTITY[sdk=iphoneos*]" = "iPhone Developer";
				GCC_PRECOMPILE_PREFIX_HEADER = YES;
				GCC_PREFIX_HEADER = "GraniouProjectManagement/GraniouProjectManagement-Prefix.pch";
				INFOPLIST_FILE = "GraniouProjectManagement/GraniouProjectManagement-Info.plist";
				IPHONEOS_DEPLOYMENT_TARGET = 7.1;
				PRODUCT_NAME = "$(TARGET_NAME)";
				PROVISIONING_PROFILE = "";
				TARGETED_DEVICE_FAMILY = 1;
				WRAPPER_EXTENSION = app;
			};
			name = Release;
		};
		F6D3A5911970A244008FDE1B /* Debug */ = {
			isa = XCBuildConfiguration;
			buildSettings = {
				BUNDLE_LOADER = "$(BUILT_PRODUCTS_DIR)/GraniouProjectManagement.app/GraniouProjectManagement";
				FRAMEWORK_SEARCH_PATHS = (
					"$(SDKROOT)/Developer/Library/Frameworks",
					"$(inherited)",
					"$(DEVELOPER_FRAMEWORKS_DIR)",
				);
				GCC_PRECOMPILE_PREFIX_HEADER = YES;
				GCC_PREFIX_HEADER = "GraniouProjectManagement/GraniouProjectManagement-Prefix.pch";
				GCC_PREPROCESSOR_DEFINITIONS = (
					"DEBUG=1",
					"$(inherited)",
				);
				INFOPLIST_FILE = "GraniouProjectManagementTests/GraniouProjectManagementTests-Info.plist";
				PRODUCT_NAME = "$(TARGET_NAME)";
				TEST_HOST = "$(BUNDLE_LOADER)";
				WRAPPER_EXTENSION = xctest;
			};
			name = Debug;
		};
		F6D3A5921970A244008FDE1B /* Release */ = {
			isa = XCBuildConfiguration;
			buildSettings = {
				BUNDLE_LOADER = "$(BUILT_PRODUCTS_DIR)/GraniouProjectManagement.app/GraniouProjectManagement";
				FRAMEWORK_SEARCH_PATHS = (
					"$(SDKROOT)/Developer/Library/Frameworks",
					"$(inherited)",
					"$(DEVELOPER_FRAMEWORKS_DIR)",
				);
				GCC_PRECOMPILE_PREFIX_HEADER = YES;
				GCC_PREFIX_HEADER = "GraniouProjectManagement/GraniouProjectManagement-Prefix.pch";
				INFOPLIST_FILE = "GraniouProjectManagementTests/GraniouProjectManagementTests-Info.plist";
				PRODUCT_NAME = "$(TARGET_NAME)";
				TEST_HOST = "$(BUNDLE_LOADER)";
				WRAPPER_EXTENSION = xctest;
			};
			name = Release;
		};
/* End XCBuildConfiguration section */

/* Begin XCConfigurationList section */
		F6D3A5561970A244008FDE1B /* Build configuration list for PBXProject "GraniouProjectManagement" */ = {
			isa = XCConfigurationList;
			buildConfigurations = (
				F6D3A58B1970A244008FDE1B /* Debug */,
				F6D3A58C1970A244008FDE1B /* Release */,
			);
			defaultConfigurationIsVisible = 0;
			defaultConfigurationName = Release;
		};
		F6D3A58D1970A244008FDE1B /* Build configuration list for PBXNativeTarget "GraniouProjectManagement" */ = {
			isa = XCConfigurationList;
			buildConfigurations = (
				F6D3A58E1970A244008FDE1B /* Debug */,
				F6D3A58F1970A244008FDE1B /* Release */,
			);
			defaultConfigurationIsVisible = 0;
			defaultConfigurationName = Release;
		};
		F6D3A5901970A244008FDE1B /* Build configuration list for PBXNativeTarget "GraniouProjectManagementTests" */ = {
			isa = XCConfigurationList;
			buildConfigurations = (
				F6D3A5911970A244008FDE1B /* Debug */,
				F6D3A5921970A244008FDE1B /* Release */,
			);
			defaultConfigurationIsVisible = 0;
			defaultConfigurationName = Release;
		};
/* End XCConfigurationList section */

/* Begin XCVersionGroup section */
		F6D3A5721970A244008FDE1B /* GraniouProjectManagement.xcdatamodeld */ = {
			isa = XCVersionGroup;
			children = (
				F6D3A5731970A244008FDE1B /* GraniouProjectManagement.xcdatamodel */,
			);
			currentVersion = F6D3A5731970A244008FDE1B /* GraniouProjectManagement.xcdatamodel */;
			path = GraniouProjectManagement.xcdatamodeld;
			sourceTree = "<group>";
			versionGroupType = wrapper.xcdatamodel;
		};
/* End XCVersionGroup section */
	};
	rootObject = F6D3A5531970A244008FDE1B /* Project object */;
}
